
Microsoft Visual Studio Solution File, Format Version 12.00
# Visual Studio Version 16
VisualStudioVersion = 16.0.30204.135
MinimumVisualStudioVersion = 10.0.40219.1
Project("{9A19103F-16F7-4668-BE54-9A1E7A4F7556}") = "SamulkaDataPlatformApp", "SamulkaDataPlatformApp\SamulkaDataPlatformApp.csproj", "{004B246A-401C-4FEF-875C-FBDCEAA96418}"
EndProject
Project("{9A19103F-16F7-4668-BE54-9A1E7A4F7556}") = "AdminLteTheme", "AdminLteTheme\AdminLteTheme.csproj", "{DB2C994F-629A-40E8-B7C7-01E3CA657196}"
EndProject
Global
	GlobalSection(SolutionConfigurationPlatforms) = preSolution
		Debug|Any CPU = Debug|Any CPU
		Release|Any CPU = Release|Any CPU
	EndGlobalSection
	GlobalSection(ProjectConfigurationPlatforms) = postSolution
		{004B246A-401C-4FEF-875C-FBDCEAA96418}.Debug|Any CPU.ActiveCfg = Debug|Any CPU
		{004B246A-401C-4FEF-875C-FBDCEAA96418}.Debug|Any CPU.Build.0 = Debug|Any CPU
		{004B246A-401C-4FEF-875C-FBDCEAA96418}.Release|Any CPU.ActiveCfg = Release|Any CPU
		{004B246A-401C-4FEF-875C-FBDCEAA96418}.Release|Any CPU.Build.0 = Release|Any CPU
		{DB2C994F-629A-40E8-B7C7-01E3CA657196}.Debug|Any CPU.ActiveCfg = Debug|Any CPU
		{DB2C994F-629A-40E8-B7C7-01E3CA657196}.Debug|Any CPU.Build.0 = Debug|Any CPU
		{DB2C994F-629A-40E8-B7C7-01E3CA657196}.Release|Any CPU.ActiveCfg = Release|Any CPU
		{DB2C994F-629A-40E8-B7C7-01E3CA657196}.Release|Any CPU.Build.0 = Release|Any CPU
	EndGlobalSection
	GlobalSection(SolutionProperties) = preSolution
		HideSolutionNode = FALSE
	EndGlobalSection
	GlobalSection(ExtensibilityGlobals) = postSolution
		SolutionGuid = {1FF7DBDA-87D9-45E2-944A-987D7ACCBF30}
	EndGlobalSection
EndGlobal
