
Microsoft Visual Studio Solution File, Format Version 12.00
# Visual Studio Version 16
VisualStudioVersion = 16.0.30204.135
MinimumVisualStudioVersion = 10.0.40219.1
Project("{00D1A9C2-B5F0-4AF3-8072-F6C62B433612}") = "DevopsOperations", "DevopsOperations\DevopsOperations.sqlproj", "{7C280506-6C81-4313-B124-6BF6BC509509}"
EndProject
Project("{00D1A9C2-B5F0-4AF3-8072-F6C62B433612}") = "SqlOperations", "SqlOperations\SqlOperations.sqlproj", "{5E7C22FB-0F65-4A81-85E6-96881C4F4FA1}"
EndProject
Global
	GlobalSection(SolutionConfigurationPlatforms) = preSolution
		Debug|Any CPU = Debug|Any CPU
		Release|Any CPU = Release|Any CPU
	EndGlobalSection
	GlobalSection(ProjectConfigurationPlatforms) = postSolution
		{7C280506-6C81-4313-B124-6BF6BC509509}.Debug|Any CPU.ActiveCfg = Debug|Any CPU
		{7C280506-6C81-4313-B124-6BF6BC509509}.Debug|Any CPU.Build.0 = Debug|Any CPU
		{7C280506-6C81-4313-B124-6BF6BC509509}.Debug|Any CPU.Deploy.0 = Debug|Any CPU
		{7C280506-6C81-4313-B124-6BF6BC509509}.Release|Any CPU.ActiveCfg = Release|Any CPU
		{7C280506-6C81-4313-B124-6BF6BC509509}.Release|Any CPU.Build.0 = Release|Any CPU
		{7C280506-6C81-4313-B124-6BF6BC509509}.Release|Any CPU.Deploy.0 = Release|Any CPU
		{5E7C22FB-0F65-4A81-85E6-96881C4F4FA1}.Debug|Any CPU.ActiveCfg = Debug|Any CPU
		{5E7C22FB-0F65-4A81-85E6-96881C4F4FA1}.Debug|Any CPU.Build.0 = Debug|Any CPU
		{5E7C22FB-0F65-4A81-85E6-96881C4F4FA1}.Debug|Any CPU.Deploy.0 = Debug|Any CPU
		{5E7C22FB-0F65-4A81-85E6-96881C4F4FA1}.Release|Any CPU.ActiveCfg = Release|Any CPU
		{5E7C22FB-0F65-4A81-85E6-96881C4F4FA1}.Release|Any CPU.Build.0 = Release|Any CPU
		{5E7C22FB-0F65-4A81-85E6-96881C4F4FA1}.Release|Any CPU.Deploy.0 = Release|Any CPU
	EndGlobalSection
	GlobalSection(SolutionProperties) = preSolution
		HideSolutionNode = FALSE
	EndGlobalSection
	GlobalSection(ExtensibilityGlobals) = postSolution
		SolutionGuid = {D7B635C5-D12C-48F8-9A98-DB68191D4932}
	EndGlobalSection
EndGlobal
